
Microsoft Visual Studio Solution File, Format Version 12.00
Project("{2150E333-8FDC-42A3-9474-1A3956D46DE8}") = "ClassWork_42_C37", "ClassWork_42_C37", "{07BE5125-73FC-4403-8871-4F6DDE18F9EE}"
EndProject
Project("{FAE04EC0-301F-11D3-BF4B-00C04F79EFBC}") = "ClassWork_C_37", "ClassWork_C_37\ClassWork_C_37.csproj", "{14A220FB-5722-445D-AE5C-4B6D52A365D7}"
EndProject
Project("{2150E333-8FDC-42A3-9474-1A3956D46DE8}") = "ClassWork_43_C38", "ClassWork_43_C38", "{C7B36947-AB8F-46EF-A814-C0BF6CA506F8}"
EndProject
Project("{2150E333-8FDC-42A3-9474-1A3956D46DE8}") = "ClassWork_41_C36", "ClassWork_41_C36", "{80A551E7-B4ED-4285-9F57-942685FCCE23}"
EndProject
Project("{FAE04EC0-301F-11D3-BF4B-00C04F79EFBC}") = "ClassWork_C_38", "ClassWork_C_38\ClassWork_C_38.csproj", "{0F4730B7-E22C-493A-A7B3-F674D68947AB}"
EndProject
Project("{2150E333-8FDC-42A3-9474-1A3956D46DE8}") = "ClassWork_44_C39", "ClassWork_44_C39", "{A3027E65-574E-4489-A845-32A09CCC98A8}"
EndProject
Project("{FAE04EC0-301F-11D3-BF4B-00C04F79EFBC}") = "ClassWork_C39", "ClassWork_C39\ClassWork_C39.csproj", "{F247D7C5-1CCD-473B-9BAA-2D59B8873E15}"
EndProject
Global
	GlobalSection(SolutionConfigurationPlatforms) = preSolution
		Debug|Any CPU = Debug|Any CPU
		Release|Any CPU = Release|Any CPU
	EndGlobalSection
	GlobalSection(NestedProjects) = preSolution
		{14A220FB-5722-445D-AE5C-4B6D52A365D7} = {07BE5125-73FC-4403-8871-4F6DDE18F9EE}
		{0F4730B7-E22C-493A-A7B3-F674D68947AB} = {C7B36947-AB8F-46EF-A814-C0BF6CA506F8}
		{F247D7C5-1CCD-473B-9BAA-2D59B8873E15} = {A3027E65-574E-4489-A845-32A09CCC98A8}
	EndGlobalSection
	GlobalSection(ProjectConfigurationPlatforms) = postSolution
		{14A220FB-5722-445D-AE5C-4B6D52A365D7}.Debug|Any CPU.ActiveCfg = Debug|Any CPU
		{14A220FB-5722-445D-AE5C-4B6D52A365D7}.Debug|Any CPU.Build.0 = Debug|Any CPU
		{14A220FB-5722-445D-AE5C-4B6D52A365D7}.Release|Any CPU.ActiveCfg = Release|Any CPU
		{14A220FB-5722-445D-AE5C-4B6D52A365D7}.Release|Any CPU.Build.0 = Release|Any CPU
		{0F4730B7-E22C-493A-A7B3-F674D68947AB}.Debug|Any CPU.ActiveCfg = Debug|Any CPU
		{0F4730B7-E22C-493A-A7B3-F674D68947AB}.Debug|Any CPU.Build.0 = Debug|Any CPU
		{0F4730B7-E22C-493A-A7B3-F674D68947AB}.Release|Any CPU.ActiveCfg = Release|Any CPU
		{0F4730B7-E22C-493A-A7B3-F674D68947AB}.Release|Any CPU.Build.0 = Release|Any CPU
		{F247D7C5-1CCD-473B-9BAA-2D59B8873E15}.Debug|Any CPU.ActiveCfg = Debug|Any CPU
		{F247D7C5-1CCD-473B-9BAA-2D59B8873E15}.Debug|Any CPU.Build.0 = Debug|Any CPU
		{F247D7C5-1CCD-473B-9BAA-2D59B8873E15}.Release|Any CPU.ActiveCfg = Release|Any CPU
		{F247D7C5-1CCD-473B-9BAA-2D59B8873E15}.Release|Any CPU.Build.0 = Release|Any CPU
	EndGlobalSection
EndGlobal
