
Microsoft Visual Studio Solution File, Format Version 12.00
Project("{2150E333-8FDC-42A3-9474-1A3956D46DE8}") = "ClassWork_42_C37", "ClassWork_42_C37", "{07BE5125-73FC-4403-8871-4F6DDE18F9EE}"
EndProject
Project("{FAE04EC0-301F-11D3-BF4B-00C04F79EFBC}") = "ClassWork_C_37", "ClassWork_C_37\ClassWork_C_37.csproj", "{14A220FB-5722-445D-AE5C-4B6D52A365D7}"
EndProject
Project("{2150E333-8FDC-42A3-9474-1A3956D46DE8}") = "ClassWork_43_C38", "ClassWork_43_C38", "{C7B36947-AB8F-46EF-A814-C0BF6CA506F8}"
EndProject
Project("{2150E333-8FDC-42A3-9474-1A3956D46DE8}") = "ClassWork_41_C36", "ClassWork_41_C36", "{80A551E7-B4ED-4285-9F57-942685FCCE23}"
EndProject
Project("{FAE04EC0-301F-11D3-BF4B-00C04F79EFBC}") = "ClassWork_C_38", "ClassWork_C_38\ClassWork_C_38.csproj", "{0F4730B7-E22C-493A-A7B3-F674D68947AB}"
EndProject
Project("{2150E333-8FDC-42A3-9474-1A3956D46DE8}") = "ClassWork_44_C39", "ClassWork_44_C39", "{A3027E65-574E-4489-A845-32A09CCC98A8}"
EndProject
Project("{FAE04EC0-301F-11D3-BF4B-00C04F79EFBC}") = "ClassWork_C39", "ClassWork_C39\ClassWork_C39.csproj", "{F247D7C5-1CCD-473B-9BAA-2D59B8873E15}"
EndProject
Project("{2150E333-8FDC-42A3-9474-1A3956D46DE8}") = "ClassWork_45_C40", "ClassWork_45_C40", "{EADF9809-08CA-4BFE-B912-B5805F59BCC6}"
EndProject
Project("{FAE04EC0-301F-11D3-BF4B-00C04F79EFBC}") = "ClassWork_C40", "ClassWork_C40\ClassWork_C40.csproj", "{0FA0D2EE-4C30-4053-9024-23ABE5A62AF4}"
EndProject
Project("{2150E333-8FDC-42A3-9474-1A3956D46DE8}") = "ClassWork_46_C41", "ClassWork_46_C41", "{CE6E008B-A540-4FB4-BEF8-0CA3809F471A}"
EndProject
Project("{FAE04EC0-301F-11D3-BF4B-00C04F79EFBC}") = "ClassWork_41", "ClassWork_41\ClassWork_41.csproj", "{77A6D122-D623-4DD9-BA87-CC4B9F218DDC}"
EndProject
Project("{2150E333-8FDC-42A3-9474-1A3956D46DE8}") = "ClassWork_47_C42", "ClassWork_47_C42", "{95568591-D38E-41C3-997B-9714D6D6E500}"
EndProject
Project("{FAE04EC0-301F-11D3-BF4B-00C04F79EFBC}") = "ClassWork_42", "ClassWork_42\ClassWork_42.csproj", "{C483D2EF-2AFE-46E4-9CC1-97DF1C446984}"
EndProject
Project("{2150E333-8FDC-42A3-9474-1A3956D46DE8}") = "ClassWork_48_C43", "ClassWork_48_C43", "{FA1BA00F-0615-4C57-AD10-BE908C7410B7}"
EndProject
Project("{FAE04EC0-301F-11D3-BF4B-00C04F79EFBC}") = "ClassWork_43", "ClassWork_43\ClassWork_43.csproj", "{2654A840-1C29-408D-81BA-01FA3049CA73}"
EndProject
Project("{FAE04EC0-301F-11D3-BF4B-00C04F79EFBC}") = "Test", "Test\Test.csproj", "{AB7AAD36-EA3C-4041-8723-48CD505788A4}"
EndProject
Project("{2150E333-8FDC-42A3-9474-1A3956D46DE8}") = "ClassWork_54_49", "ClassWork_54_49", "{0AA3C904-B472-4877-A4FA-44001673EBAA}"
EndProject
Project("{FAE04EC0-301F-11D3-BF4B-00C04F79EFBC}") = "ClassWork49.API", "ClassWork49.API\ClassWork49.API.csproj", "{D7C5334F-2FFC-4FE2-AD95-00DD48033585}"
EndProject
Project("{FAE04EC0-301F-11D3-BF4B-00C04F79EFBC}") = "ClassWork_55_50", "ClassWork_55_50\ClassWork_55_50.csproj", "{1BDFB617-7DF1-42EE-AD70-F4FB1481A741}"
EndProject
Project("{2150E333-8FDC-42A3-9474-1A3956D46DE8}") = "ClassWork_55_50", "ClassWork_55_50", "{1085DCA2-5578-43E3-8F7D-F2CB3DE246D4}"
EndProject
Project("{2150E333-8FDC-42A3-9474-1A3956D46DE8}") = "ClassWork_61_00", "ClassWork_61_00", "{EB36CC2C-B504-4620-95D0-401C733A13D9}"
EndProject
Project("{FAE04EC0-301F-11D3-BF4B-00C04F79EFBC}") = "ToDoList", "ToDoList\ToDoList.csproj", "{E9C110D7-273D-4AB3-BF62-18C8F1ABFDF1}"
EndProject
Global
	GlobalSection(SolutionConfigurationPlatforms) = preSolution
		Debug|Any CPU = Debug|Any CPU
		Release|Any CPU = Release|Any CPU
	EndGlobalSection
	GlobalSection(NestedProjects) = preSolution
		{14A220FB-5722-445D-AE5C-4B6D52A365D7} = {07BE5125-73FC-4403-8871-4F6DDE18F9EE}
		{0F4730B7-E22C-493A-A7B3-F674D68947AB} = {C7B36947-AB8F-46EF-A814-C0BF6CA506F8}
		{F247D7C5-1CCD-473B-9BAA-2D59B8873E15} = {A3027E65-574E-4489-A845-32A09CCC98A8}
		{0FA0D2EE-4C30-4053-9024-23ABE5A62AF4} = {EADF9809-08CA-4BFE-B912-B5805F59BCC6}
		{77A6D122-D623-4DD9-BA87-CC4B9F218DDC} = {CE6E008B-A540-4FB4-BEF8-0CA3809F471A}
		{C483D2EF-2AFE-46E4-9CC1-97DF1C446984} = {95568591-D38E-41C3-997B-9714D6D6E500}
		{2654A840-1C29-408D-81BA-01FA3049CA73} = {FA1BA00F-0615-4C57-AD10-BE908C7410B7}
		{AB7AAD36-EA3C-4041-8723-48CD505788A4} = {FA1BA00F-0615-4C57-AD10-BE908C7410B7}
		{D7C5334F-2FFC-4FE2-AD95-00DD48033585} = {0AA3C904-B472-4877-A4FA-44001673EBAA}
		{1BDFB617-7DF1-42EE-AD70-F4FB1481A741} = {1085DCA2-5578-43E3-8F7D-F2CB3DE246D4}
		{E9C110D7-273D-4AB3-BF62-18C8F1ABFDF1} = {EB36CC2C-B504-4620-95D0-401C733A13D9}
	EndGlobalSection
	GlobalSection(ProjectConfigurationPlatforms) = postSolution
		{14A220FB-5722-445D-AE5C-4B6D52A365D7}.Debug|Any CPU.ActiveCfg = Debug|Any CPU
		{14A220FB-5722-445D-AE5C-4B6D52A365D7}.Debug|Any CPU.Build.0 = Debug|Any CPU
		{14A220FB-5722-445D-AE5C-4B6D52A365D7}.Release|Any CPU.ActiveCfg = Release|Any CPU
		{14A220FB-5722-445D-AE5C-4B6D52A365D7}.Release|Any CPU.Build.0 = Release|Any CPU
		{0F4730B7-E22C-493A-A7B3-F674D68947AB}.Debug|Any CPU.ActiveCfg = Debug|Any CPU
		{0F4730B7-E22C-493A-A7B3-F674D68947AB}.Debug|Any CPU.Build.0 = Debug|Any CPU
		{0F4730B7-E22C-493A-A7B3-F674D68947AB}.Release|Any CPU.ActiveCfg = Release|Any CPU
		{0F4730B7-E22C-493A-A7B3-F674D68947AB}.Release|Any CPU.Build.0 = Release|Any CPU
		{F247D7C5-1CCD-473B-9BAA-2D59B8873E15}.Debug|Any CPU.ActiveCfg = Debug|Any CPU
		{F247D7C5-1CCD-473B-9BAA-2D59B8873E15}.Debug|Any CPU.Build.0 = Debug|Any CPU
		{F247D7C5-1CCD-473B-9BAA-2D59B8873E15}.Release|Any CPU.ActiveCfg = Release|Any CPU
		{F247D7C5-1CCD-473B-9BAA-2D59B8873E15}.Release|Any CPU.Build.0 = Release|Any CPU
		{0FA0D2EE-4C30-4053-9024-23ABE5A62AF4}.Debug|Any CPU.ActiveCfg = Debug|Any CPU
		{0FA0D2EE-4C30-4053-9024-23ABE5A62AF4}.Debug|Any CPU.Build.0 = Debug|Any CPU
		{0FA0D2EE-4C30-4053-9024-23ABE5A62AF4}.Release|Any CPU.ActiveCfg = Release|Any CPU
		{0FA0D2EE-4C30-4053-9024-23ABE5A62AF4}.Release|Any CPU.Build.0 = Release|Any CPU
		{77A6D122-D623-4DD9-BA87-CC4B9F218DDC}.Debug|Any CPU.ActiveCfg = Debug|Any CPU
		{77A6D122-D623-4DD9-BA87-CC4B9F218DDC}.Debug|Any CPU.Build.0 = Debug|Any CPU
		{77A6D122-D623-4DD9-BA87-CC4B9F218DDC}.Release|Any CPU.ActiveCfg = Release|Any CPU
		{77A6D122-D623-4DD9-BA87-CC4B9F218DDC}.Release|Any CPU.Build.0 = Release|Any CPU
		{C483D2EF-2AFE-46E4-9CC1-97DF1C446984}.Debug|Any CPU.ActiveCfg = Debug|Any CPU
		{C483D2EF-2AFE-46E4-9CC1-97DF1C446984}.Debug|Any CPU.Build.0 = Debug|Any CPU
		{C483D2EF-2AFE-46E4-9CC1-97DF1C446984}.Release|Any CPU.ActiveCfg = Release|Any CPU
		{C483D2EF-2AFE-46E4-9CC1-97DF1C446984}.Release|Any CPU.Build.0 = Release|Any CPU
		{2654A840-1C29-408D-81BA-01FA3049CA73}.Debug|Any CPU.ActiveCfg = Debug|Any CPU
		{2654A840-1C29-408D-81BA-01FA3049CA73}.Debug|Any CPU.Build.0 = Debug|Any CPU
		{2654A840-1C29-408D-81BA-01FA3049CA73}.Release|Any CPU.ActiveCfg = Release|Any CPU
		{2654A840-1C29-408D-81BA-01FA3049CA73}.Release|Any CPU.Build.0 = Release|Any CPU
		{AB7AAD36-EA3C-4041-8723-48CD505788A4}.Debug|Any CPU.ActiveCfg = Debug|Any CPU
		{AB7AAD36-EA3C-4041-8723-48CD505788A4}.Debug|Any CPU.Build.0 = Debug|Any CPU
		{AB7AAD36-EA3C-4041-8723-48CD505788A4}.Release|Any CPU.ActiveCfg = Release|Any CPU
		{AB7AAD36-EA3C-4041-8723-48CD505788A4}.Release|Any CPU.Build.0 = Release|Any CPU
		{D7C5334F-2FFC-4FE2-AD95-00DD48033585}.Debug|Any CPU.ActiveCfg = Debug|Any CPU
		{D7C5334F-2FFC-4FE2-AD95-00DD48033585}.Debug|Any CPU.Build.0 = Debug|Any CPU
		{D7C5334F-2FFC-4FE2-AD95-00DD48033585}.Release|Any CPU.ActiveCfg = Release|Any CPU
		{D7C5334F-2FFC-4FE2-AD95-00DD48033585}.Release|Any CPU.Build.0 = Release|Any CPU
		{1BDFB617-7DF1-42EE-AD70-F4FB1481A741}.Debug|Any CPU.ActiveCfg = Debug|Any CPU
		{1BDFB617-7DF1-42EE-AD70-F4FB1481A741}.Debug|Any CPU.Build.0 = Debug|Any CPU
		{1BDFB617-7DF1-42EE-AD70-F4FB1481A741}.Release|Any CPU.ActiveCfg = Release|Any CPU
		{1BDFB617-7DF1-42EE-AD70-F4FB1481A741}.Release|Any CPU.Build.0 = Release|Any CPU
		{E9C110D7-273D-4AB3-BF62-18C8F1ABFDF1}.Debug|Any CPU.ActiveCfg = Debug|Any CPU
		{E9C110D7-273D-4AB3-BF62-18C8F1ABFDF1}.Debug|Any CPU.Build.0 = Debug|Any CPU
		{E9C110D7-273D-4AB3-BF62-18C8F1ABFDF1}.Release|Any CPU.ActiveCfg = Release|Any CPU
		{E9C110D7-273D-4AB3-BF62-18C8F1ABFDF1}.Release|Any CPU.Build.0 = Release|Any CPU
	EndGlobalSection
EndGlobal
